
Microsoft Visual Studio Solution File, Format Version 10.00
# Visual Studio 2008
Project("{F184B08F-C81C-45F6-A57F-5ABD9991F28F}") = "Experimental_Voice", "Experimental_Voice\Experimental_Voice.vbproj", "{CE79123D-9E18-4AD1-B344-087D0936EB85}"
EndProject
Global
	GlobalSection(SolutionConfigurationPlatforms) = preSolution
		Debug|Any CPU = Debug|Any CPU
		Release|Any CPU = Release|Any CPU
	EndGlobalSection
	GlobalSection(ProjectConfigurationPlatforms) = postSolution
		{CE79123D-9E18-4AD1-B344-087D0936EB85}.Debug|Any CPU.ActiveCfg = Debug|Any CPU
		{CE79123D-9E18-4AD1-B344-087D0936EB85}.Debug|Any CPU.Build.0 = Debug|Any CPU
		{CE79123D-9E18-4AD1-B344-087D0936EB85}.Release|Any CPU.ActiveCfg = Release|Any CPU
		{CE79123D-9E18-4AD1-B344-087D0936EB85}.Release|Any CPU.Build.0 = Release|Any CPU
	EndGlobalSection
	GlobalSection(SolutionProperties) = preSolution
		HideSolutionNode = FALSE
	EndGlobalSection
EndGlobal
